
Microsoft Visual Studio Solution File, Format Version 12.00
# Visual Studio Version 17
VisualStudioVersion = 17.10.34928.147
MinimumVisualStudioVersion = 10.0.40219.1
Project("{FAE04EC0-301F-11D3-BF4B-00C04F79EFBC}") = "Ejercicio CRUD Mvvm", "Ejercicio CRUD Mvvm\Ejercicio CRUD Mvvm.csproj", "{4454FF3D-C476-41B1-B4C6-85E0E4105AC7}"
EndProject
Global
	GlobalSection(SolutionConfigurationPlatforms) = preSolution
		Debug|Any CPU = Debug|Any CPU
		Release|Any CPU = Release|Any CPU
	EndGlobalSection
	GlobalSection(ProjectConfigurationPlatforms) = postSolution
		{4454FF3D-C476-41B1-B4C6-85E0E4105AC7}.Debug|Any CPU.ActiveCfg = Debug|Any CPU
		{4454FF3D-C476-41B1-B4C6-85E0E4105AC7}.Debug|Any CPU.Build.0 = Debug|Any CPU
		{4454FF3D-C476-41B1-B4C6-85E0E4105AC7}.Debug|Any CPU.Deploy.0 = Debug|Any CPU
		{4454FF3D-C476-41B1-B4C6-85E0E4105AC7}.Release|Any CPU.ActiveCfg = Release|Any CPU
		{4454FF3D-C476-41B1-B4C6-85E0E4105AC7}.Release|Any CPU.Build.0 = Release|Any CPU
		{4454FF3D-C476-41B1-B4C6-85E0E4105AC7}.Release|Any CPU.Deploy.0 = Release|Any CPU
	EndGlobalSection
	GlobalSection(SolutionProperties) = preSolution
		HideSolutionNode = FALSE
	EndGlobalSection
	GlobalSection(ExtensibilityGlobals) = postSolution
		SolutionGuid = {941D07D5-8100-4E1B-A450-980860DB7F51}
	EndGlobalSection
EndGlobal
